{
  "name": "obsidian-ar-score-renderer",
  "version": "0.1.0",
  "lockfileVersion": 3,
  "requires": true,
  "packages": {
    "": {
      "name": "obsidian-ar-score-renderer",
      "version": "0.1.0",
      "dependencies": {
        "webmscore": "1.2.1"
      }
    },
    "node_modules/webmscore": {
      "version": "1.2.1",
      "resolved": "https://registry.npmjs.org/webmscore/-/webmscore-1.2.1.tgz",
      "integrity": "sha512-TB0HxsX+KBAA3qRzvDOn2SEnA/Fxm//AJkFhTMOblUIrhcgcXygfWELLg54AIW0yPo73xOiBjs3BVTveCQ5OLQ==",
      "license": "GPL"
    }
  }
}
